// !$*UTF8*$!
{
	archiveVersion = 1;
	classes = {
	};
	objectVersion = 56;
	objects = {

/* Begin PBXBuildFile section */
		38710EFF6D0BFAC5C9E27710 /* Pods_Parking.framework in Frameworks */ = {isa = PBXBuildFile; fileRef = D08E82232B82554243EF65DA /* Pods_Parking.framework */; };
		449E995F2A2F655700762D98 /* TabBarViewController.swift in Sources */ = {isa = PBXBuildFile; fileRef = 449E995E2A2F655700762D98 /* TabBarViewController.swift */; };
		449E99612A2F656E00762D98 /* HomeVC.swift in Sources */ = {isa = PBXBuildFile; fileRef = 449E99602A2F656E00762D98 /* HomeVC.swift */; };
		449E99632A2F657B00762D98 /* ParkingHistoryVC.swift in Sources */ = {isa = PBXBuildFile; fileRef = 449E99622A2F657B00762D98 /* ParkingHistoryVC.swift */; };
		449E99652A2F658C00762D98 /* ProfileVC.swift in Sources */ = {isa = PBXBuildFile; fileRef = 449E99642A2F658C00762D98 /* ProfileVC.swift */; };
		44C2DD2B2A345C8F007E5C7B /* HomeViewModel.swift in Sources */ = {isa = PBXBuildFile; fileRef = 44C2DD2A2A345C8F007E5C7B /* HomeViewModel.swift */; };
		44CD3D2A2A388FE5008EC28F /* PlacesViewModel.swift in Sources */ = {isa = PBXBuildFile; fileRef = 44CD3D292A388FE5008EC28F /* PlacesViewModel.swift */; };
		44CD3D2C2A38995C008EC28F /* TimeAlertVC.swift in Sources */ = {isa = PBXBuildFile; fileRef = 44CD3D2B2A38995C008EC28F /* TimeAlertVC.swift */; };
		44CD3D3B2A39A668008EC28F /* ConfirmOrderVC.swift in Sources */ = {isa = PBXBuildFile; fileRef = 44CD3D3A2A39A668008EC28F /* ConfirmOrderVC.swift */; };
		44CD3D3D2A39E8EF008EC28F /* PaymentMethodsView.swift in Sources */ = {isa = PBXBuildFile; fileRef = 44CD3D3C2A39E8EF008EC28F /* PaymentMethodsView.swift */; };
		44CD3D3F2A39EAD8008EC28F /* PaymentMethodCVCell.swift in Sources */ = {isa = PBXBuildFile; fileRef = 44CD3D3E2A39EAD8008EC28F /* PaymentMethodCVCell.swift */; };
		44CD3D452A39F052008EC28F /* PaymentLoadingView.swift in Sources */ = {isa = PBXBuildFile; fileRef = 44CD3D442A39F052008EC28F /* PaymentLoadingView.swift */; };
		44CD3D472A39F15B008EC28F /* PaymentPageVC.swift in Sources */ = {isa = PBXBuildFile; fileRef = 44CD3D462A39F15B008EC28F /* PaymentPageVC.swift */; };
		5BDEF1F52A30E495007F8F4B /* RegistrationVC.swift in Sources */ = {isa = PBXBuildFile; fileRef = 5BDEF1F42A30E495007F8F4B /* RegistrationVC.swift */; };
		5BDEF1F92A30EB62007F8F4B /* RegistrationViewModel.swift in Sources */ = {isa = PBXBuildFile; fileRef = 5BDEF1F82A30EB62007F8F4B /* RegistrationViewModel.swift */; };
		5BDEF1FB2A30EF5E007F8F4B /* DataManager.swift in Sources */ = {isa = PBXBuildFile; fileRef = 5BDEF1FA2A30EF5E007F8F4B /* DataManager.swift */; };
		5BDEF85E2A3450A300E63AF0 /* LoginViewModel.swift in Sources */ = {isa = PBXBuildFile; fileRef = 5BDEF85D2A3450A300E63AF0 /* LoginViewModel.swift */; };
		5BDEF8642A3452D400E63AF0 /* LoginVC.swift in Sources */ = {isa = PBXBuildFile; fileRef = 5BDEF8602A34524F00E63AF0 /* LoginVC.swift */; };
		5BDEF8662A34550E00E63AF0 /* ProfileViewModel.swift in Sources */ = {isa = PBXBuildFile; fileRef = 5BDEF8652A34550D00E63AF0 /* ProfileViewModel.swift */; };
		5BDEF8682A3466F300E63AF0 /* ProfileSettingsVC.swift in Sources */ = {isa = PBXBuildFile; fileRef = 5BDEF8672A3466F300E63AF0 /* ProfileSettingsVC.swift */; };
		5BDEF86A2A346A6100E63AF0 /* ProfileSettingsViewModel.swift in Sources */ = {isa = PBXBuildFile; fileRef = 5BDEF8692A346A6100E63AF0 /* ProfileSettingsViewModel.swift */; };
		5BDEF86C2A34769D00E63AF0 /* Profile.swift in Sources */ = {isa = PBXBuildFile; fileRef = 5BDEF86B2A34769D00E63AF0 /* Profile.swift */; };
		5BDEF86E2A34777B00E63AF0 /* CarDetailVC.swift in Sources */ = {isa = PBXBuildFile; fileRef = 5BDEF86D2A34777B00E63AF0 /* CarDetailVC.swift */; };
		5BDEF8702A34787100E63AF0 /* CarDetailViewModel.swift in Sources */ = {isa = PBXBuildFile; fileRef = 5BDEF86F2A34787100E63AF0 /* CarDetailViewModel.swift */; };
		5BDEF8722A34792000E63AF0 /* BaseUITableViewCell.swift in Sources */ = {isa = PBXBuildFile; fileRef = 5BDEF8712A34792000E63AF0 /* BaseUITableViewCell.swift */; };
		5BDEF8742A34793E00E63AF0 /* CarDetailCell.swift in Sources */ = {isa = PBXBuildFile; fileRef = 5BDEF8732A34793E00E63AF0 /* CarDetailCell.swift */; };
		5BDEF8762A349D0100E63AF0 /* BaseVC.swift in Sources */ = {isa = PBXBuildFile; fileRef = 5BDEF8752A349D0100E63AF0 /* BaseVC.swift */; };
		5BDEF8782A34ADFC00E63AF0 /* PlacesVC.swift in Sources */ = {isa = PBXBuildFile; fileRef = 5BDEF8772A34ADFC00E63AF0 /* PlacesVC.swift */; };
		5BDEF87A2A34AE4F00E63AF0 /* PlaceCell.swift in Sources */ = {isa = PBXBuildFile; fileRef = 5BDEF8792A34AE4F00E63AF0 /* PlaceCell.swift */; };
		5BFB728F2A38934F00CA28AC /* HistoryItemCell.swift in Sources */ = {isa = PBXBuildFile; fileRef = 5BFB728E2A38934F00CA28AC /* HistoryItemCell.swift */; };
		5BFB72912A389BC000CA28AC /* ParkingHistory.swift in Sources */ = {isa = PBXBuildFile; fileRef = 5BFB72902A389BC000CA28AC /* ParkingHistory.swift */; };
		5BFB72932A389C3A00CA28AC /* ParkingHistoryViewModel.swift in Sources */ = {isa = PBXBuildFile; fileRef = 5BFB72922A389C3A00CA28AC /* ParkingHistoryViewModel.swift */; };
		DD63965A2A2F6818006546E1 /* CustomTextField.swift in Sources */ = {isa = PBXBuildFile; fileRef = DD6396592A2F6818006546E1 /* CustomTextField.swift */; };
		DD63965C2A2F685B006546E1 /* BaseInputView.swift in Sources */ = {isa = PBXBuildFile; fileRef = DD63965B2A2F685A006546E1 /* BaseInputView.swift */; };
		DD63965E2A2F6865006546E1 /* BaseUIView.swift in Sources */ = {isa = PBXBuildFile; fileRef = DD63965D2A2F6865006546E1 /* BaseUIView.swift */; };
		DD6396602A2F692A006546E1 /* ViewControllerAppearanceProtocol.swift in Sources */ = {isa = PBXBuildFile; fileRef = DD63965F2A2F692A006546E1 /* ViewControllerAppearanceProtocol.swift */; };
		DD6396622A2F69A6006546E1 /* CustomButton.swift in Sources */ = {isa = PBXBuildFile; fileRef = DD6396612A2F69A6006546E1 /* CustomButton.swift */; };
		DD6396642A2F6F42006546E1 /* CustomSecondaryButton.swift in Sources */ = {isa = PBXBuildFile; fileRef = DD6396632A2F6F42006546E1 /* CustomSecondaryButton.swift */; };
		DD6396682A2F7312006546E1 /* LaunchScreen.storyboard in Resources */ = {isa = PBXBuildFile; fileRef = DD6396672A2F7312006546E1 /* LaunchScreen.storyboard */; };
		DDE3E68A2A2DFD6B008F4FF8 /* AppDelegate.swift in Sources */ = {isa = PBXBuildFile; fileRef = DDE3E6892A2DFD6B008F4FF8 /* AppDelegate.swift */; };
		DDE3E68C2A2DFD6B008F4FF8 /* SceneDelegate.swift in Sources */ = {isa = PBXBuildFile; fileRef = DDE3E68B2A2DFD6B008F4FF8 /* SceneDelegate.swift */; };
		DDE3E6932A2DFD6D008F4FF8 /* Assets.xcassets in Resources */ = {isa = PBXBuildFile; fileRef = DDE3E6922A2DFD6D008F4FF8 /* Assets.xcassets */; };
		DDE3E69E2A2E012D008F4FF8 /* GoogleService-Info.plist in Resources */ = {isa = PBXBuildFile; fileRef = DDE3E69D2A2E012C008F4FF8 /* GoogleService-Info.plist */; };
/* End PBXBuildFile section */

/* Begin PBXFileReference section */
		449E995E2A2F655700762D98 /* TabBarViewController.swift */ = {isa = PBXFileReference; lastKnownFileType = sourcecode.swift; path = TabBarViewController.swift; sourceTree = "<group>"; };
		449E99602A2F656E00762D98 /* HomeVC.swift */ = {isa = PBXFileReference; lastKnownFileType = sourcecode.swift; path = HomeVC.swift; sourceTree = "<group>"; };
		449E99622A2F657B00762D98 /* ParkingHistoryVC.swift */ = {isa = PBXFileReference; lastKnownFileType = sourcecode.swift; path = ParkingHistoryVC.swift; sourceTree = "<group>"; };
		449E99642A2F658C00762D98 /* ProfileVC.swift */ = {isa = PBXFileReference; lastKnownFileType = sourcecode.swift; path = ProfileVC.swift; sourceTree = "<group>"; };
		44C2DD2A2A345C8F007E5C7B /* HomeViewModel.swift */ = {isa = PBXFileReference; lastKnownFileType = sourcecode.swift; name = HomeViewModel.swift; path = Parking/Authorization/Helpers/HomeViewModel.swift; sourceTree = SOURCE_ROOT; };
		44CD3D292A388FE5008EC28F /* PlacesViewModel.swift */ = {isa = PBXFileReference; lastKnownFileType = sourcecode.swift; path = PlacesViewModel.swift; sourceTree = "<group>"; };
		44CD3D2B2A38995C008EC28F /* TimeAlertVC.swift */ = {isa = PBXFileReference; lastKnownFileType = sourcecode.swift; path = TimeAlertVC.swift; sourceTree = "<group>"; };
		44CD3D3A2A39A668008EC28F /* ConfirmOrderVC.swift */ = {isa = PBXFileReference; lastKnownFileType = sourcecode.swift; path = ConfirmOrderVC.swift; sourceTree = "<group>"; };
		44CD3D3C2A39E8EF008EC28F /* PaymentMethodsView.swift */ = {isa = PBXFileReference; lastKnownFileType = sourcecode.swift; path = PaymentMethodsView.swift; sourceTree = "<group>"; };
		44CD3D3E2A39EAD8008EC28F /* PaymentMethodCVCell.swift */ = {isa = PBXFileReference; lastKnownFileType = sourcecode.swift; path = PaymentMethodCVCell.swift; sourceTree = "<group>"; };
		44CD3D442A39F052008EC28F /* PaymentLoadingView.swift */ = {isa = PBXFileReference; lastKnownFileType = sourcecode.swift; path = PaymentLoadingView.swift; sourceTree = "<group>"; };
		44CD3D462A39F15B008EC28F /* PaymentPageVC.swift */ = {isa = PBXFileReference; lastKnownFileType = sourcecode.swift; path = PaymentPageVC.swift; sourceTree = "<group>"; };
		5BDEF1F42A30E495007F8F4B /* RegistrationVC.swift */ = {isa = PBXFileReference; lastKnownFileType = sourcecode.swift; path = RegistrationVC.swift; sourceTree = "<group>"; };
		5BDEF1F82A30EB62007F8F4B /* RegistrationViewModel.swift */ = {isa = PBXFileReference; lastKnownFileType = sourcecode.swift; path = RegistrationViewModel.swift; sourceTree = "<group>"; };
		5BDEF1FA2A30EF5E007F8F4B /* DataManager.swift */ = {isa = PBXFileReference; lastKnownFileType = sourcecode.swift; path = DataManager.swift; sourceTree = "<group>"; };
		5BDEF85D2A3450A300E63AF0 /* LoginViewModel.swift */ = {isa = PBXFileReference; lastKnownFileType = sourcecode.swift; path = LoginViewModel.swift; sourceTree = "<group>"; };
		5BDEF8602A34524F00E63AF0 /* LoginVC.swift */ = {isa = PBXFileReference; lastKnownFileType = sourcecode.swift; path = LoginVC.swift; sourceTree = "<group>"; };
		5BDEF8652A34550D00E63AF0 /* ProfileViewModel.swift */ = {isa = PBXFileReference; lastKnownFileType = sourcecode.swift; path = ProfileViewModel.swift; sourceTree = "<group>"; };
		5BDEF8672A3466F300E63AF0 /* ProfileSettingsVC.swift */ = {isa = PBXFileReference; lastKnownFileType = sourcecode.swift; path = ProfileSettingsVC.swift; sourceTree = "<group>"; };
		5BDEF8692A346A6100E63AF0 /* ProfileSettingsViewModel.swift */ = {isa = PBXFileReference; lastKnownFileType = sourcecode.swift; path = ProfileSettingsViewModel.swift; sourceTree = "<group>"; };
		5BDEF86B2A34769D00E63AF0 /* Profile.swift */ = {isa = PBXFileReference; lastKnownFileType = sourcecode.swift; path = Profile.swift; sourceTree = "<group>"; };
		5BDEF86D2A34777B00E63AF0 /* CarDetailVC.swift */ = {isa = PBXFileReference; lastKnownFileType = sourcecode.swift; path = CarDetailVC.swift; sourceTree = "<group>"; };
		5BDEF86F2A34787100E63AF0 /* CarDetailViewModel.swift */ = {isa = PBXFileReference; lastKnownFileType = sourcecode.swift; path = CarDetailViewModel.swift; sourceTree = "<group>"; };
		5BDEF8712A34792000E63AF0 /* BaseUITableViewCell.swift */ = {isa = PBXFileReference; lastKnownFileType = sourcecode.swift; path = BaseUITableViewCell.swift; sourceTree = "<group>"; };
		5BDEF8732A34793E00E63AF0 /* CarDetailCell.swift */ = {isa = PBXFileReference; lastKnownFileType = sourcecode.swift; path = CarDetailCell.swift; sourceTree = "<group>"; };
		5BDEF8752A349D0100E63AF0 /* BaseVC.swift */ = {isa = PBXFileReference; lastKnownFileType = sourcecode.swift; path = BaseVC.swift; sourceTree = "<group>"; };
		5BDEF8772A34ADFC00E63AF0 /* PlacesVC.swift */ = {isa = PBXFileReference; lastKnownFileType = sourcecode.swift; path = PlacesVC.swift; sourceTree = "<group>"; };
		5BDEF8792A34AE4F00E63AF0 /* PlaceCell.swift */ = {isa = PBXFileReference; lastKnownFileType = sourcecode.swift; path = PlaceCell.swift; sourceTree = "<group>"; };
		5BFB728E2A38934F00CA28AC /* HistoryItemCell.swift */ = {isa = PBXFileReference; lastKnownFileType = sourcecode.swift; path = HistoryItemCell.swift; sourceTree = "<group>"; };
		5BFB72902A389BC000CA28AC /* ParkingHistory.swift */ = {isa = PBXFileReference; lastKnownFileType = sourcecode.swift; path = ParkingHistory.swift; sourceTree = "<group>"; };
		5BFB72922A389C3A00CA28AC /* ParkingHistoryViewModel.swift */ = {isa = PBXFileReference; lastKnownFileType = sourcecode.swift; path = ParkingHistoryViewModel.swift; sourceTree = "<group>"; };
		7CEEDBDDCE8606B22DE7903D /* Pods-Parking.debug.xcconfig */ = {isa = PBXFileReference; includeInIndex = 1; lastKnownFileType = text.xcconfig; name = "Pods-Parking.debug.xcconfig"; path = "Target Support Files/Pods-Parking/Pods-Parking.debug.xcconfig"; sourceTree = "<group>"; };
		BE3129CBD7E81B15AF97EC8B /* Pods-Parking.release.xcconfig */ = {isa = PBXFileReference; includeInIndex = 1; lastKnownFileType = text.xcconfig; name = "Pods-Parking.release.xcconfig"; path = "Target Support Files/Pods-Parking/Pods-Parking.release.xcconfig"; sourceTree = "<group>"; };
		D08E82232B82554243EF65DA /* Pods_Parking.framework */ = {isa = PBXFileReference; explicitFileType = wrapper.framework; includeInIndex = 0; path = Pods_Parking.framework; sourceTree = BUILT_PRODUCTS_DIR; };
		DD6396592A2F6818006546E1 /* CustomTextField.swift */ = {isa = PBXFileReference; lastKnownFileType = sourcecode.swift; path = CustomTextField.swift; sourceTree = "<group>"; };
		DD63965B2A2F685A006546E1 /* BaseInputView.swift */ = {isa = PBXFileReference; lastKnownFileType = sourcecode.swift; path = BaseInputView.swift; sourceTree = "<group>"; };
		DD63965D2A2F6865006546E1 /* BaseUIView.swift */ = {isa = PBXFileReference; lastKnownFileType = sourcecode.swift; path = BaseUIView.swift; sourceTree = "<group>"; };
		DD63965F2A2F692A006546E1 /* ViewControllerAppearanceProtocol.swift */ = {isa = PBXFileReference; lastKnownFileType = sourcecode.swift; path = ViewControllerAppearanceProtocol.swift; sourceTree = "<group>"; };
		DD6396612A2F69A6006546E1 /* CustomButton.swift */ = {isa = PBXFileReference; lastKnownFileType = sourcecode.swift; path = CustomButton.swift; sourceTree = "<group>"; };
		DD6396632A2F6F42006546E1 /* CustomSecondaryButton.swift */ = {isa = PBXFileReference; lastKnownFileType = sourcecode.swift; path = CustomSecondaryButton.swift; sourceTree = "<group>"; };
		DD6396672A2F7312006546E1 /* LaunchScreen.storyboard */ = {isa = PBXFileReference; lastKnownFileType = file.storyboard; path = LaunchScreen.storyboard; sourceTree = "<group>"; };
		DDE3E6862A2DFD6B008F4FF8 /* Parking.app */ = {isa = PBXFileReference; explicitFileType = wrapper.application; includeInIndex = 0; path = Parking.app; sourceTree = BUILT_PRODUCTS_DIR; };
		DDE3E6892A2DFD6B008F4FF8 /* AppDelegate.swift */ = {isa = PBXFileReference; lastKnownFileType = sourcecode.swift; path = AppDelegate.swift; sourceTree = "<group>"; };
		DDE3E68B2A2DFD6B008F4FF8 /* SceneDelegate.swift */ = {isa = PBXFileReference; lastKnownFileType = sourcecode.swift; path = SceneDelegate.swift; sourceTree = "<group>"; };
		DDE3E6922A2DFD6D008F4FF8 /* Assets.xcassets */ = {isa = PBXFileReference; lastKnownFileType = folder.assetcatalog; path = Assets.xcassets; sourceTree = "<group>"; };
		DDE3E6972A2DFD6D008F4FF8 /* Info.plist */ = {isa = PBXFileReference; lastKnownFileType = text.plist.xml; path = Info.plist; sourceTree = "<group>"; };
		DDE3E69D2A2E012C008F4FF8 /* GoogleService-Info.plist */ = {isa = PBXFileReference; fileEncoding = 4; lastKnownFileType = text.plist.xml; path = "GoogleService-Info.plist"; sourceTree = "<group>"; };
/* End PBXFileReference section */

/* Begin PBXFrameworksBuildPhase section */
		DDE3E6832A2DFD6B008F4FF8 /* Frameworks */ = {
			isa = PBXFrameworksBuildPhase;
			buildActionMask = 2147483647;
			files = (
				38710EFF6D0BFAC5C9E27710 /* Pods_Parking.framework in Frameworks */,
			);
			runOnlyForDeploymentPostprocessing = 0;
		};
/* End PBXFrameworksBuildPhase section */

/* Begin PBXGroup section */
		3FE23142BCA4384212714034 /* Pods */ = {
			isa = PBXGroup;
			children = (
				7CEEDBDDCE8606B22DE7903D /* Pods-Parking.debug.xcconfig */,
				BE3129CBD7E81B15AF97EC8B /* Pods-Parking.release.xcconfig */,
			);
			path = Pods;
			sourceTree = "<group>";
		};
		449E99662A2F6B6A00762D98 /* Home */ = {
			isa = PBXGroup;
			children = (
				449E996C2A2F6BB100762D98 /* ViewModel */,
				449E99692A2F6B9300762D98 /* ViewController */,
			);
			path = Home;
			sourceTree = "<group>";
		};
		449E99672A2F6B7300762D98 /* History */ = {
			isa = PBXGroup;
			children = (
				449E996A2A2F6B9E00762D98 /* ViewController */,
			);
			path = History;
			sourceTree = "<group>";
		};
		449E99682A2F6B8000762D98 /* Profile */ = {
			isa = PBXGroup;
			children = (
				44CD3D272A388F15008EC28F /* ViewModel */,
				449E996B2A2F6BA500762D98 /* ViewController */,
			);
			path = Profile;
			sourceTree = "<group>";
		};
		449E99692A2F6B9300762D98 /* ViewController */ = {
			isa = PBXGroup;
			children = (
				449E99602A2F656E00762D98 /* HomeVC.swift */,
			);
			path = ViewController;
			sourceTree = "<group>";
		};
		449E996A2A2F6B9E00762D98 /* ViewController */ = {
			isa = PBXGroup;
			children = (
				449E99622A2F657B00762D98 /* ParkingHistoryVC.swift */,
				5BFB728E2A38934F00CA28AC /* HistoryItemCell.swift */,
				5BFB72902A389BC000CA28AC /* ParkingHistory.swift */,
				5BFB72922A389C3A00CA28AC /* ParkingHistoryViewModel.swift */,
			);
			path = ViewController;
			sourceTree = "<group>";
		};
		449E996B2A2F6BA500762D98 /* ViewController */ = {
			isa = PBXGroup;
			children = (
				449E99642A2F658C00762D98 /* ProfileVC.swift */,
				5BDEF8672A3466F300E63AF0 /* ProfileSettingsVC.swift */,
			);
			path = ViewController;
			sourceTree = "<group>";
		};
		449E996C2A2F6BB100762D98 /* ViewModel */ = {
			isa = PBXGroup;
			children = (
				44C2DD2A2A345C8F007E5C7B /* HomeViewModel.swift */,
			);
			path = ViewModel;
			sourceTree = "<group>";
		};
		44CD3D252A388ECD008EC28F /* Places */ = {
			isa = PBXGroup;
			children = (
				44CD3D332A38A98F008EC28F /* ViewModel */,
				44CD3D322A38A985008EC28F /* Views */,
				44CD3D312A38A97E008EC28F /* ViewController */,
				44CD3D2B2A38995C008EC28F /* TimeAlertVC.swift */,
			);
			path = Places;
			sourceTree = "<group>";
		};
		44CD3D262A388EEC008EC28F /* CarDetails */ = {
			isa = PBXGroup;
			children = (
				5BDEF86D2A34777B00E63AF0 /* CarDetailVC.swift */,
				5BDEF86F2A34787100E63AF0 /* CarDetailViewModel.swift */,
				5BDEF8732A34793E00E63AF0 /* CarDetailCell.swift */,
			);
			path = CarDetails;
			sourceTree = "<group>";
		};
		44CD3D272A388F15008EC28F /* ViewModel */ = {
			isa = PBXGroup;
			children = (
				5BDEF8692A346A6100E63AF0 /* ProfileSettingsViewModel.swift */,
				5BDEF8652A34550D00E63AF0 /* ProfileViewModel.swift */,
			);
			path = ViewModel;
			sourceTree = "<group>";
		};
		44CD3D312A38A97E008EC28F /* ViewController */ = {
			isa = PBXGroup;
			children = (
				5BDEF8772A34ADFC00E63AF0 /* PlacesVC.swift */,
			);
			path = ViewController;
			sourceTree = "<group>";
		};
		44CD3D322A38A985008EC28F /* Views */ = {
			isa = PBXGroup;
			children = (
				5BDEF8792A34AE4F00E63AF0 /* PlaceCell.swift */,
			);
			path = Views;
			sourceTree = "<group>";
		};
		44CD3D332A38A98F008EC28F /* ViewModel */ = {
			isa = PBXGroup;
			children = (
				44CD3D292A388FE5008EC28F /* PlacesViewModel.swift */,
			);
			path = ViewModel;
			sourceTree = "<group>";
		};
		44CD3D362A39A5E1008EC28F /* ConfirmOrder */ = {
			isa = PBXGroup;
			children = (
				44CD3D392A39A5F3008EC28F /* ViewModel */,
				44CD3D382A39A5EE008EC28F /* Views */,
				44CD3D372A39A5E7008EC28F /* ViewContoller */,
			);
			path = ConfirmOrder;
			sourceTree = "<group>";
		};
		44CD3D372A39A5E7008EC28F /* ViewContoller */ = {
			isa = PBXGroup;
			children = (
				44CD3D3A2A39A668008EC28F /* ConfirmOrderVC.swift */,
			);
			path = ViewContoller;
			sourceTree = "<group>";
		};
		44CD3D382A39A5EE008EC28F /* Views */ = {
			isa = PBXGroup;
			children = (
				44CD3D3C2A39E8EF008EC28F /* PaymentMethodsView.swift */,
				44CD3D3E2A39EAD8008EC28F /* PaymentMethodCVCell.swift */,
			);
			path = Views;
			sourceTree = "<group>";
		};
		44CD3D392A39A5F3008EC28F /* ViewModel */ = {
			isa = PBXGroup;
			children = (
			);
			path = ViewModel;
			sourceTree = "<group>";
		};
		44CD3D412A39F03A008EC28F /* Loader */ = {
			isa = PBXGroup;
			children = (
				44CD3D432A39F047008EC28F /* View */,
				44CD3D422A39F03E008EC28F /* ViewController */,
			);
			path = Loader;
			sourceTree = "<group>";
		};
		44CD3D422A39F03E008EC28F /* ViewController */ = {
			isa = PBXGroup;
			children = (
				44CD3D462A39F15B008EC28F /* PaymentPageVC.swift */,
			);
			path = ViewController;
			sourceTree = "<group>";
		};
		44CD3D432A39F047008EC28F /* View */ = {
			isa = PBXGroup;
			children = (
				44CD3D442A39F052008EC28F /* PaymentLoadingView.swift */,
			);
			path = View;
			sourceTree = "<group>";
		};
		5BDEF1F62A30E49C007F8F4B /* CustomViews */ = {
			isa = PBXGroup;
			children = (
				DD6396612A2F69A6006546E1 /* CustomButton.swift */,
				DD6396632A2F6F42006546E1 /* CustomSecondaryButton.swift */,
				DD6396592A2F6818006546E1 /* CustomTextField.swift */,
				DD63965B2A2F685A006546E1 /* BaseInputView.swift */,
				DD63965D2A2F6865006546E1 /* BaseUIView.swift */,
				5BDEF8712A34792000E63AF0 /* BaseUITableViewCell.swift */,
			);
			path = CustomViews;
			sourceTree = "<group>";
		};
		5BDEF1F72A30E4A8007F8F4B /* Helpers */ = {
			isa = PBXGroup;
			children = (
				5BDEF1FA2A30EF5E007F8F4B /* DataManager.swift */,
				DD63965F2A2F692A006546E1 /* ViewControllerAppearanceProtocol.swift */,
				5BDEF86B2A34769D00E63AF0 /* Profile.swift */,
			);
			path = Helpers;
			sourceTree = "<group>";
		};
		5BDEF85F2A34524F00E63AF0 /* Login */ = {
			isa = PBXGroup;
			children = (
				5BDEF85D2A3450A300E63AF0 /* LoginViewModel.swift */,
				5BDEF8602A34524F00E63AF0 /* LoginVC.swift */,
			);
			path = Login;
			sourceTree = "<group>";
		};
		5BDEF8632A34526A00E63AF0 /* Registration */ = {
			isa = PBXGroup;
			children = (
				5BDEF1F42A30E495007F8F4B /* RegistrationVC.swift */,
				5BDEF1F82A30EB62007F8F4B /* RegistrationViewModel.swift */,
				5BDEF8752A349D0100E63AF0 /* BaseVC.swift */,
			);
			path = Registration;
			sourceTree = "<group>";
		};
		9425981D7759D3F197442202 /* Frameworks */ = {
			isa = PBXGroup;
			children = (
				D08E82232B82554243EF65DA /* Pods_Parking.framework */,
			);
			name = Frameworks;
			sourceTree = "<group>";
		};
		DD6396582A2F67C7006546E1 /* Authorization */ = {
			isa = PBXGroup;
			children = (
				5BDEF85F2A34524F00E63AF0 /* Login */,
				5BDEF8632A34526A00E63AF0 /* Registration */,
				5BDEF1F62A30E49C007F8F4B /* CustomViews */,
				5BDEF1F72A30E4A8007F8F4B /* Helpers */,
			);
			path = Authorization;
			sourceTree = "<group>";
		};
		DD6396692A2F7395006546E1 /* Yerzhan */ = {
			isa = PBXGroup;
			children = (
				449E995E2A2F655700762D98 /* TabBarViewController.swift */,
				449E99662A2F6B6A00762D98 /* Home */,
				449E99672A2F6B7300762D98 /* History */,
			);
			path = Yerzhan;
			sourceTree = "<group>";
		};
		DDE3E67D2A2DFD6B008F4FF8 = {
			isa = PBXGroup;
			children = (
				DDE3E6882A2DFD6B008F4FF8 /* Parking */,
				DDE3E6872A2DFD6B008F4FF8 /* Products */,
				3FE23142BCA4384212714034 /* Pods */,
				9425981D7759D3F197442202 /* Frameworks */,
			);
			sourceTree = "<group>";
		};
		DDE3E6872A2DFD6B008F4FF8 /* Products */ = {
			isa = PBXGroup;
			children = (
				DDE3E6862A2DFD6B008F4FF8 /* Parking.app */,
			);
			name = Products;
			sourceTree = "<group>";
		};
		DDE3E6882A2DFD6B008F4FF8 /* Parking */ = {
			isa = PBXGroup;
			children = (
				44CD3D412A39F03A008EC28F /* Loader */,
				44CD3D362A39A5E1008EC28F /* ConfirmOrder */,
				44CD3D262A388EEC008EC28F /* CarDetails */,
				DDE3E6892A2DFD6B008F4FF8 /* AppDelegate.swift */,
				DDE3E68B2A2DFD6B008F4FF8 /* SceneDelegate.swift */,
				DD6396582A2F67C7006546E1 /* Authorization */,
				44CD3D252A388ECD008EC28F /* Places */,
				449E99682A2F6B8000762D98 /* Profile */,
				DD6396692A2F7395006546E1 /* Yerzhan */,
				DDE3E6922A2DFD6D008F4FF8 /* Assets.xcassets */,
				DDE3E69D2A2E012C008F4FF8 /* GoogleService-Info.plist */,
				DDE3E6972A2DFD6D008F4FF8 /* Info.plist */,
				DD6396672A2F7312006546E1 /* LaunchScreen.storyboard */,
			);
			path = Parking;
			sourceTree = "<group>";
		};
/* End PBXGroup section */

/* Begin PBXNativeTarget section */
		DDE3E6852A2DFD6B008F4FF8 /* Parking */ = {
			isa = PBXNativeTarget;
			buildConfigurationList = DDE3E69A2A2DFD6D008F4FF8 /* Build configuration list for PBXNativeTarget "Parking" */;
			buildPhases = (
				BB01297B2928551368C96B37 /* [CP] Check Pods Manifest.lock */,
				DDE3E6822A2DFD6B008F4FF8 /* Sources */,
				DDE3E6832A2DFD6B008F4FF8 /* Frameworks */,
				DDE3E6842A2DFD6B008F4FF8 /* Resources */,
				B83A3D387EE8D53E66C5B131 /* [CP] Embed Pods Frameworks */,
				9366BC5D26498CE7174AC964 /* [CP] Copy Pods Resources */,
			);
			buildRules = (
			);
			dependencies = (
			);
			name = Parking;
			productName = Parking;
			productReference = DDE3E6862A2DFD6B008F4FF8 /* Parking.app */;
			productType = "com.apple.product-type.application";
		};
/* End PBXNativeTarget section */

/* Begin PBXProject section */
		DDE3E67E2A2DFD6B008F4FF8 /* Project object */ = {
			isa = PBXProject;
			attributes = {
				BuildIndependentTargetsInParallel = 1;
				LastSwiftUpdateCheck = 1420;
				LastUpgradeCheck = 1420;
				TargetAttributes = {
					DDE3E6852A2DFD6B008F4FF8 = {
						CreatedOnToolsVersion = 14.2;
					};
				};
			};
			buildConfigurationList = DDE3E6812A2DFD6B008F4FF8 /* Build configuration list for PBXProject "Parking" */;
			compatibilityVersion = "Xcode 14.0";
			developmentRegion = en;
			hasScannedForEncodings = 0;
			knownRegions = (
				en,
				Base,
			);
			mainGroup = DDE3E67D2A2DFD6B008F4FF8;
			productRefGroup = DDE3E6872A2DFD6B008F4FF8 /* Products */;
			projectDirPath = "";
			projectRoot = "";
			targets = (
				DDE3E6852A2DFD6B008F4FF8 /* Parking */,
			);
		};
/* End PBXProject section */

/* Begin PBXResourcesBuildPhase section */
		DDE3E6842A2DFD6B008F4FF8 /* Resources */ = {
			isa = PBXResourcesBuildPhase;
			buildActionMask = 2147483647;
			files = (
				DD6396682A2F7312006546E1 /* LaunchScreen.storyboard in Resources */,
				DDE3E6932A2DFD6D008F4FF8 /* Assets.xcassets in Resources */,
				DDE3E69E2A2E012D008F4FF8 /* GoogleService-Info.plist in Resources */,
			);
			runOnlyForDeploymentPostprocessing = 0;
		};
/* End PBXResourcesBuildPhase section */

/* Begin PBXShellScriptBuildPhase section */
		9366BC5D26498CE7174AC964 /* [CP] Copy Pods Resources */ = {
			isa = PBXShellScriptBuildPhase;
			buildActionMask = 2147483647;
			files = (
			);
			inputFileListPaths = (
				"${PODS_ROOT}/Target Support Files/Pods-Parking/Pods-Parking-resources-${CONFIGURATION}-input-files.xcfilelist",
			);
			name = "[CP] Copy Pods Resources";
			outputFileListPaths = (
				"${PODS_ROOT}/Target Support Files/Pods-Parking/Pods-Parking-resources-${CONFIGURATION}-output-files.xcfilelist",
			);
			runOnlyForDeploymentPostprocessing = 0;
			shellPath = /bin/sh;
			shellScript = "\"${PODS_ROOT}/Target Support Files/Pods-Parking/Pods-Parking-resources.sh\"\n";
			showEnvVarsInLog = 0;
		};
		B83A3D387EE8D53E66C5B131 /* [CP] Embed Pods Frameworks */ = {
			isa = PBXShellScriptBuildPhase;
			buildActionMask = 2147483647;
			files = (
			);
			inputFileListPaths = (
				"${PODS_ROOT}/Target Support Files/Pods-Parking/Pods-Parking-frameworks-${CONFIGURATION}-input-files.xcfilelist",
			);
			name = "[CP] Embed Pods Frameworks";
			outputFileListPaths = (
				"${PODS_ROOT}/Target Support Files/Pods-Parking/Pods-Parking-frameworks-${CONFIGURATION}-output-files.xcfilelist",
			);
			runOnlyForDeploymentPostprocessing = 0;
			shellPath = /bin/sh;
			shellScript = "\"${PODS_ROOT}/Target Support Files/Pods-Parking/Pods-Parking-frameworks.sh\"\n";
			showEnvVarsInLog = 0;
		};
		BB01297B2928551368C96B37 /* [CP] Check Pods Manifest.lock */ = {
			isa = PBXShellScriptBuildPhase;
			buildActionMask = 2147483647;
			files = (
			);
			inputFileListPaths = (
			);
			inputPaths = (
				"${PODS_PODFILE_DIR_PATH}/Podfile.lock",
				"${PODS_ROOT}/Manifest.lock",
			);
			name = "[CP] Check Pods Manifest.lock";
			outputFileListPaths = (
			);
			outputPaths = (
				"$(DERIVED_FILE_DIR)/Pods-Parking-checkManifestLockResult.txt",
			);
			runOnlyForDeploymentPostprocessing = 0;
			shellPath = /bin/sh;
			shellScript = "diff \"${PODS_PODFILE_DIR_PATH}/Podfile.lock\" \"${PODS_ROOT}/Manifest.lock\" > /dev/null\nif [ $? != 0 ] ; then\n    # print error to STDERR\n    echo \"error: The sandbox is not in sync with the Podfile.lock. Run 'pod install' or update your CocoaPods installation.\" >&2\n    exit 1\nfi\n# This output is used by Xcode 'outputs' to avoid re-running this script phase.\necho \"SUCCESS\" > \"${SCRIPT_OUTPUT_FILE_0}\"\n";
			showEnvVarsInLog = 0;
		};
/* End PBXShellScriptBuildPhase section */

/* Begin PBXSourcesBuildPhase section */
		DDE3E6822A2DFD6B008F4FF8 /* Sources */ = {
			isa = PBXSourcesBuildPhase;
			buildActionMask = 2147483647;
			files = (
				44CD3D3F2A39EAD8008EC28F /* PaymentMethodCVCell.swift in Sources */,
				44CD3D2A2A388FE5008EC28F /* PlacesViewModel.swift in Sources */,
				44CD3D3B2A39A668008EC28F /* ConfirmOrderVC.swift in Sources */,
				449E995F2A2F655700762D98 /* TabBarViewController.swift in Sources */,
				5BDEF1FB2A30EF5E007F8F4B /* DataManager.swift in Sources */,
				44CD3D3D2A39E8EF008EC28F /* PaymentMethodsView.swift in Sources */,
				5BDEF87A2A34AE4F00E63AF0 /* PlaceCell.swift in Sources */,
				5BFB728F2A38934F00CA28AC /* HistoryItemCell.swift in Sources */,
				449E99612A2F656E00762D98 /* HomeVC.swift in Sources */,
				44C2DD2B2A345C8F007E5C7B /* HomeViewModel.swift in Sources */,
				44CD3D2C2A38995C008EC28F /* TimeAlertVC.swift in Sources */,
				449E99652A2F658C00762D98 /* ProfileVC.swift in Sources */,
				5BDEF8642A3452D400E63AF0 /* LoginVC.swift in Sources */,
				449E99632A2F657B00762D98 /* ParkingHistoryVC.swift in Sources */,
				5BDEF1F52A30E495007F8F4B /* RegistrationVC.swift in Sources */,
				5BDEF8702A34787100E63AF0 /* CarDetailViewModel.swift in Sources */,
				5BDEF8722A34792000E63AF0 /* BaseUITableViewCell.swift in Sources */,
				5BFB72912A389BC000CA28AC /* ParkingHistory.swift in Sources */,
				DD63965A2A2F6818006546E1 /* CustomTextField.swift in Sources */,
				DDE3E68A2A2DFD6B008F4FF8 /* AppDelegate.swift in Sources */,
				5BDEF8742A34793E00E63AF0 /* CarDetailCell.swift in Sources */,
				DD6396642A2F6F42006546E1 /* CustomSecondaryButton.swift in Sources */,
				5BDEF86C2A34769D00E63AF0 /* Profile.swift in Sources */,
				5BDEF85E2A3450A300E63AF0 /* LoginViewModel.swift in Sources */,
				44CD3D472A39F15B008EC28F /* PaymentPageVC.swift in Sources */,
				DDE3E68C2A2DFD6B008F4FF8 /* SceneDelegate.swift in Sources */,
				5BDEF8662A34550E00E63AF0 /* ProfileViewModel.swift in Sources */,
				5BDEF8782A34ADFC00E63AF0 /* PlacesVC.swift in Sources */,
				5BFB72932A389C3A00CA28AC /* ParkingHistoryViewModel.swift in Sources */,
				5BDEF1F92A30EB62007F8F4B /* RegistrationViewModel.swift in Sources */,
				DD6396622A2F69A6006546E1 /* CustomButton.swift in Sources */,
				DD6396602A2F692A006546E1 /* ViewControllerAppearanceProtocol.swift in Sources */,
				5BDEF8682A3466F300E63AF0 /* ProfileSettingsVC.swift in Sources */,
				44CD3D452A39F052008EC28F /* PaymentLoadingView.swift in Sources */,
				5BDEF8762A349D0100E63AF0 /* BaseVC.swift in Sources */,
				DD63965C2A2F685B006546E1 /* BaseInputView.swift in Sources */,
				DD63965E2A2F6865006546E1 /* BaseUIView.swift in Sources */,
				5BDEF86E2A34777B00E63AF0 /* CarDetailVC.swift in Sources */,
				5BDEF86A2A346A6100E63AF0 /* ProfileSettingsViewModel.swift in Sources */,
			);
			runOnlyForDeploymentPostprocessing = 0;
		};
/* End PBXSourcesBuildPhase section */

/* Begin XCBuildConfiguration section */
		DDE3E6982A2DFD6D008F4FF8 /* Debug */ = {
			isa = XCBuildConfiguration;
			buildSettings = {
				ALWAYS_SEARCH_USER_PATHS = NO;
				CLANG_ANALYZER_NONNULL = YES;
				CLANG_ANALYZER_NUMBER_OBJECT_CONVERSION = YES_AGGRESSIVE;
				CLANG_CXX_LANGUAGE_STANDARD = "gnu++20";
				CLANG_ENABLE_MODULES = YES;
				CLANG_ENABLE_OBJC_ARC = YES;
				CLANG_ENABLE_OBJC_WEAK = YES;
				CLANG_WARN_BLOCK_CAPTURE_AUTORELEASING = YES;
				CLANG_WARN_BOOL_CONVERSION = YES;
				CLANG_WARN_COMMA = YES;
				CLANG_WARN_CONSTANT_CONVERSION = YES;
				CLANG_WARN_DEPRECATED_OBJC_IMPLEMENTATIONS = YES;
				CLANG_WARN_DIRECT_OBJC_ISA_USAGE = YES_ERROR;
				CLANG_WARN_DOCUMENTATION_COMMENTS = YES;
				CLANG_WARN_EMPTY_BODY = YES;
				CLANG_WARN_ENUM_CONVERSION = YES;
				CLANG_WARN_INFINITE_RECURSION = YES;
				CLANG_WARN_INT_CONVERSION = YES;
				CLANG_WARN_NON_LITERAL_NULL_CONVERSION = YES;
				CLANG_WARN_OBJC_IMPLICIT_RETAIN_SELF = YES;
				CLANG_WARN_OBJC_LITERAL_CONVERSION = YES;
				CLANG_WARN_OBJC_ROOT_CLASS = YES_ERROR;
				CLANG_WARN_QUOTED_INCLUDE_IN_FRAMEWORK_HEADER = YES;
				CLANG_WARN_RANGE_LOOP_ANALYSIS = YES;
				CLANG_WARN_STRICT_PROTOTYPES = YES;
				CLANG_WARN_SUSPICIOUS_MOVE = YES;
				CLANG_WARN_UNGUARDED_AVAILABILITY = YES_AGGRESSIVE;
				CLANG_WARN_UNREACHABLE_CODE = YES;
				CLANG_WARN__DUPLICATE_METHOD_MATCH = YES;
				COPY_PHASE_STRIP = NO;
				DEBUG_INFORMATION_FORMAT = dwarf;
				ENABLE_STRICT_OBJC_MSGSEND = YES;
				ENABLE_TESTABILITY = YES;
				GCC_C_LANGUAGE_STANDARD = gnu11;
				GCC_DYNAMIC_NO_PIC = NO;
				GCC_NO_COMMON_BLOCKS = YES;
				GCC_OPTIMIZATION_LEVEL = 0;
				GCC_PREPROCESSOR_DEFINITIONS = (
					"DEBUG=1",
					"$(inherited)",
				);
				GCC_WARN_64_TO_32_BIT_CONVERSION = YES;
				GCC_WARN_ABOUT_RETURN_TYPE = YES_ERROR;
				GCC_WARN_UNDECLARED_SELECTOR = YES;
				GCC_WARN_UNINITIALIZED_AUTOS = YES_AGGRESSIVE;
				GCC_WARN_UNUSED_FUNCTION = YES;
				GCC_WARN_UNUSED_VARIABLE = YES;
				IPHONEOS_DEPLOYMENT_TARGET = 16.2;
				MTL_ENABLE_DEBUG_INFO = INCLUDE_SOURCE;
				MTL_FAST_MATH = YES;
				ONLY_ACTIVE_ARCH = YES;
				SDKROOT = iphoneos;
				SWIFT_ACTIVE_COMPILATION_CONDITIONS = DEBUG;
				SWIFT_OPTIMIZATION_LEVEL = "-Onone";
			};
			name = Debug;
		};
		DDE3E6992A2DFD6D008F4FF8 /* Release */ = {
			isa = XCBuildConfiguration;
			buildSettings = {
				ALWAYS_SEARCH_USER_PATHS = NO;
				CLANG_ANALYZER_NONNULL = YES;
				CLANG_ANALYZER_NUMBER_OBJECT_CONVERSION = YES_AGGRESSIVE;
				CLANG_CXX_LANGUAGE_STANDARD = "gnu++20";
				CLANG_ENABLE_MODULES = YES;
				CLANG_ENABLE_OBJC_ARC = YES;
				CLANG_ENABLE_OBJC_WEAK = YES;
				CLANG_WARN_BLOCK_CAPTURE_AUTORELEASING = YES;
				CLANG_WARN_BOOL_CONVERSION = YES;
				CLANG_WARN_COMMA = YES;
				CLANG_WARN_CONSTANT_CONVERSION = YES;
				CLANG_WARN_DEPRECATED_OBJC_IMPLEMENTATIONS = YES;
				CLANG_WARN_DIRECT_OBJC_ISA_USAGE = YES_ERROR;
				CLANG_WARN_DOCUMENTATION_COMMENTS = YES;
				CLANG_WARN_EMPTY_BODY = YES;
				CLANG_WARN_ENUM_CONVERSION = YES;
				CLANG_WARN_INFINITE_RECURSION = YES;
				CLANG_WARN_INT_CONVERSION = YES;
				CLANG_WARN_NON_LITERAL_NULL_CONVERSION = YES;
				CLANG_WARN_OBJC_IMPLICIT_RETAIN_SELF = YES;
				CLANG_WARN_OBJC_LITERAL_CONVERSION = YES;
				CLANG_WARN_OBJC_ROOT_CLASS = YES_ERROR;
				CLANG_WARN_QUOTED_INCLUDE_IN_FRAMEWORK_HEADER = YES;
				CLANG_WARN_RANGE_LOOP_ANALYSIS = YES;
				CLANG_WARN_STRICT_PROTOTYPES = YES;
				CLANG_WARN_SUSPICIOUS_MOVE = YES;
				CLANG_WARN_UNGUARDED_AVAILABILITY = YES_AGGRESSIVE;
				CLANG_WARN_UNREACHABLE_CODE = YES;
				CLANG_WARN__DUPLICATE_METHOD_MATCH = YES;
				COPY_PHASE_STRIP = NO;
				DEBUG_INFORMATION_FORMAT = "dwarf-with-dsym";
				ENABLE_NS_ASSERTIONS = NO;
				ENABLE_STRICT_OBJC_MSGSEND = YES;
				GCC_C_LANGUAGE_STANDARD = gnu11;
				GCC_NO_COMMON_BLOCKS = YES;
				GCC_WARN_64_TO_32_BIT_CONVERSION = YES;
				GCC_WARN_ABOUT_RETURN_TYPE = YES_ERROR;
				GCC_WARN_UNDECLARED_SELECTOR = YES;
				GCC_WARN_UNINITIALIZED_AUTOS = YES_AGGRESSIVE;
				GCC_WARN_UNUSED_FUNCTION = YES;
				GCC_WARN_UNUSED_VARIABLE = YES;
				IPHONEOS_DEPLOYMENT_TARGET = 16.2;
				MTL_ENABLE_DEBUG_INFO = NO;
				MTL_FAST_MATH = YES;
				SDKROOT = iphoneos;
				SWIFT_COMPILATION_MODE = wholemodule;
				SWIFT_OPTIMIZATION_LEVEL = "-O";
				VALIDATE_PRODUCT = YES;
			};
			name = Release;
		};
		DDE3E69B2A2DFD6D008F4FF8 /* Debug */ = {
			isa = XCBuildConfiguration;
			baseConfigurationReference = 7CEEDBDDCE8606B22DE7903D /* Pods-Parking.debug.xcconfig */;
			buildSettings = {
				ASSETCATALOG_COMPILER_APPICON_NAME = AppIcon;
				ASSETCATALOG_COMPILER_GLOBAL_ACCENT_COLOR_NAME = AccentColor;
				CODE_SIGN_STYLE = Automatic;
				CURRENT_PROJECT_VERSION = 1;
				DEVELOPMENT_TEAM = TBYPDZK6VS;
				GENERATE_INFOPLIST_FILE = YES;
				INFOPLIST_FILE = Parking/Info.plist;
				INFOPLIST_KEY_UIApplicationSupportsIndirectInputEvents = YES;
				INFOPLIST_KEY_UILaunchStoryboardName = LaunchScreen;
				INFOPLIST_KEY_UIMainStoryboardFile = "";
				INFOPLIST_KEY_UISupportedInterfaceOrientations_iPad = "UIInterfaceOrientationPortrait UIInterfaceOrientationPortraitUpsideDown UIInterfaceOrientationLandscapeLeft UIInterfaceOrientationLandscapeRight";
				INFOPLIST_KEY_UISupportedInterfaceOrientations_iPhone = "UIInterfaceOrientationPortrait UIInterfaceOrientationLandscapeLeft UIInterfaceOrientationLandscapeRight";
				IPHONEOS_DEPLOYMENT_TARGET = 13.0;
				LD_RUNPATH_SEARCH_PATHS = (
					"$(inherited)",
					"@executable_path/Frameworks",
				);
				MARKETING_VERSION = 1.0;
				PRODUCT_BUNDLE_IDENTIFIER = com.test.Parking;
				PRODUCT_NAME = "$(TARGET_NAME)";
				SWIFT_EMIT_LOC_STRINGS = YES;
				SWIFT_VERSION = 5.0;
				TARGETED_DEVICE_FAMILY = "1,2";
			};
			name = Debug;
		};
		DDE3E69C2A2DFD6D008F4FF8 /* Release */ = {
			isa = XCBuildConfiguration;
			baseConfigurationReference = BE3129CBD7E81B15AF97EC8B /* Pods-Parking.release.xcconfig */;
			buildSettings = {
				ASSETCATALOG_COMPILER_APPICON_NAME = AppIcon;
				ASSETCATALOG_COMPILER_GLOBAL_ACCENT_COLOR_NAME = AccentColor;
				CODE_SIGN_STYLE = Automatic;
				CURRENT_PROJECT_VERSION = 1;
				DEVELOPMENT_TEAM = TBYPDZK6VS;
				GENERATE_INFOPLIST_FILE = YES;
				INFOPLIST_FILE = Parking/Info.plist;
				INFOPLIST_KEY_UIApplicationSupportsIndirectInputEvents = YES;
				INFOPLIST_KEY_UILaunchStoryboardName = LaunchScreen;
				INFOPLIST_KEY_UIMainStoryboardFile = "";
				INFOPLIST_KEY_UISupportedInterfaceOrientations_iPad = "UIInterfaceOrientationPortrait UIInterfaceOrientationPortraitUpsideDown UIInterfaceOrientationLandscapeLeft UIInterfaceOrientationLandscapeRight";
				INFOPLIST_KEY_UISupportedInterfaceOrientations_iPhone = "UIInterfaceOrientationPortrait UIInterfaceOrientationLandscapeLeft UIInterfaceOrientationLandscapeRight";
				IPHONEOS_DEPLOYMENT_TARGET = 13.0;
				LD_RUNPATH_SEARCH_PATHS = (
					"$(inherited)",
					"@executable_path/Frameworks",
				);
				MARKETING_VERSION = 1.0;
				PRODUCT_BUNDLE_IDENTIFIER = com.test.Parking;
				PRODUCT_NAME = "$(TARGET_NAME)";
				SWIFT_EMIT_LOC_STRINGS = YES;
				SWIFT_VERSION = 5.0;
				TARGETED_DEVICE_FAMILY = "1,2";
			};
			name = Release;
		};
/* End XCBuildConfiguration section */

/* Begin XCConfigurationList section */
		DDE3E6812A2DFD6B008F4FF8 /* Build configuration list for PBXProject "Parking" */ = {
			isa = XCConfigurationList;
			buildConfigurations = (
				DDE3E6982A2DFD6D008F4FF8 /* Debug */,
				DDE3E6992A2DFD6D008F4FF8 /* Release */,
			);
			defaultConfigurationIsVisible = 0;
			defaultConfigurationName = Release;
		};
		DDE3E69A2A2DFD6D008F4FF8 /* Build configuration list for PBXNativeTarget "Parking" */ = {
			isa = XCConfigurationList;
			buildConfigurations = (
				DDE3E69B2A2DFD6D008F4FF8 /* Debug */,
				DDE3E69C2A2DFD6D008F4FF8 /* Release */,
			);
			defaultConfigurationIsVisible = 0;
			defaultConfigurationName = Release;
		};
/* End XCConfigurationList section */
	};
	rootObject = DDE3E67E2A2DFD6B008F4FF8 /* Project object */;
}
