// !$*UTF8*$!
{
	archiveVersion = 1;
	classes = {
	};
	objectVersion = 56;
	objects = {

/* Begin PBXBuildFile section */
		38710EFF6D0BFAC5C9E27710 /* Pods_Parking.framework in Frameworks */ = {isa = PBXBuildFile; fileRef = D08E82232B82554243EF65DA /* Pods_Parking.framework */; };
		449E995F2A2F655700762D98 /* TabBarViewController.swift in Sources */ = {isa = PBXBuildFile; fileRef = 449E995E2A2F655700762D98 /* TabBarViewController.swift */; };
		449E99612A2F656E00762D98 /* HomeVC.swift in Sources */ = {isa = PBXBuildFile; fileRef = 449E99602A2F656E00762D98 /* HomeVC.swift */; };
		449E99632A2F657B00762D98 /* ParkingHistoryVC.swift in Sources */ = {isa = PBXBuildFile; fileRef = 449E99622A2F657B00762D98 /* ParkingHistoryVC.swift */; };
		449E99652A2F658C00762D98 /* ProfileVC.swift in Sources */ = {isa = PBXBuildFile; fileRef = 449E99642A2F658C00762D98 /* ProfileVC.swift */; };
		5BDEF1F52A30E495007F8F4B /* RegistrationVC.swift in Sources */ = {isa = PBXBuildFile; fileRef = 5BDEF1F42A30E495007F8F4B /* RegistrationVC.swift */; };
		5BDEF1F92A30EB62007F8F4B /* RegistrationViewModel.swift in Sources */ = {isa = PBXBuildFile; fileRef = 5BDEF1F82A30EB62007F8F4B /* RegistrationViewModel.swift */; };
		5BDEF1FB2A30EF5E007F8F4B /* DataManager.swift in Sources */ = {isa = PBXBuildFile; fileRef = 5BDEF1FA2A30EF5E007F8F4B /* DataManager.swift */; };
		5BDEF85E2A3450A300E63AF0 /* LoginViewModel.swift in Sources */ = {isa = PBXBuildFile; fileRef = 5BDEF85D2A3450A300E63AF0 /* LoginViewModel.swift */; };
		5BDEF8642A3452D400E63AF0 /* LoginVC.swift in Sources */ = {isa = PBXBuildFile; fileRef = 5BDEF8602A34524F00E63AF0 /* LoginVC.swift */; };
		5BDEF8662A34550E00E63AF0 /* ProfileViewModel.swift in Sources */ = {isa = PBXBuildFile; fileRef = 5BDEF8652A34550D00E63AF0 /* ProfileViewModel.swift */; };
		DD63965A2A2F6818006546E1 /* CustomTextField.swift in Sources */ = {isa = PBXBuildFile; fileRef = DD6396592A2F6818006546E1 /* CustomTextField.swift */; };
		DD63965C2A2F685B006546E1 /* BaseInputView.swift in Sources */ = {isa = PBXBuildFile; fileRef = DD63965B2A2F685A006546E1 /* BaseInputView.swift */; };
		DD63965E2A2F6865006546E1 /* BaseUIView.swift in Sources */ = {isa = PBXBuildFile; fileRef = DD63965D2A2F6865006546E1 /* BaseUIView.swift */; };
		DD6396602A2F692A006546E1 /* ViewControllerAppearanceProtocol.swift in Sources */ = {isa = PBXBuildFile; fileRef = DD63965F2A2F692A006546E1 /* ViewControllerAppearanceProtocol.swift */; };
		DD6396622A2F69A6006546E1 /* CustomButton.swift in Sources */ = {isa = PBXBuildFile; fileRef = DD6396612A2F69A6006546E1 /* CustomButton.swift */; };
		DD6396642A2F6F42006546E1 /* CustomSecondaryButton.swift in Sources */ = {isa = PBXBuildFile; fileRef = DD6396632A2F6F42006546E1 /* CustomSecondaryButton.swift */; };
		DD6396682A2F7312006546E1 /* LaunchScreen.storyboard in Resources */ = {isa = PBXBuildFile; fileRef = DD6396672A2F7312006546E1 /* LaunchScreen.storyboard */; };
		DDE3E68A2A2DFD6B008F4FF8 /* AppDelegate.swift in Sources */ = {isa = PBXBuildFile; fileRef = DDE3E6892A2DFD6B008F4FF8 /* AppDelegate.swift */; };
		DDE3E68C2A2DFD6B008F4FF8 /* SceneDelegate.swift in Sources */ = {isa = PBXBuildFile; fileRef = DDE3E68B2A2DFD6B008F4FF8 /* SceneDelegate.swift */; };
		DDE3E6932A2DFD6D008F4FF8 /* Assets.xcassets in Resources */ = {isa = PBXBuildFile; fileRef = DDE3E6922A2DFD6D008F4FF8 /* Assets.xcassets */; };
		DDE3E69E2A2E012D008F4FF8 /* GoogleService-Info.plist in Resources */ = {isa = PBXBuildFile; fileRef = DDE3E69D2A2E012C008F4FF8 /* GoogleService-Info.plist */; };
/* End PBXBuildFile section */

/* Begin PBXFileReference section */
		449E995E2A2F655700762D98 /* TabBarViewController.swift */ = {isa = PBXFileReference; lastKnownFileType = sourcecode.swift; path = TabBarViewController.swift; sourceTree = "<group>"; };
		449E99602A2F656E00762D98 /* HomeVC.swift */ = {isa = PBXFileReference; lastKnownFileType = sourcecode.swift; path = HomeVC.swift; sourceTree = "<group>"; };
		449E99622A2F657B00762D98 /* ParkingHistoryVC.swift */ = {isa = PBXFileReference; lastKnownFileType = sourcecode.swift; path = ParkingHistoryVC.swift; sourceTree = "<group>"; };
		449E99642A2F658C00762D98 /* ProfileVC.swift */ = {isa = PBXFileReference; lastKnownFileType = sourcecode.swift; path = ProfileVC.swift; sourceTree = "<group>"; };
		5BDEF1F42A30E495007F8F4B /* RegistrationVC.swift */ = {isa = PBXFileReference; lastKnownFileType = sourcecode.swift; path = RegistrationVC.swift; sourceTree = "<group>"; };
		5BDEF1F82A30EB62007F8F4B /* RegistrationViewModel.swift */ = {isa = PBXFileReference; lastKnownFileType = sourcecode.swift; path = RegistrationViewModel.swift; sourceTree = "<group>"; };
		5BDEF1FA2A30EF5E007F8F4B /* DataManager.swift */ = {isa = PBXFileReference; lastKnownFileType = sourcecode.swift; path = DataManager.swift; sourceTree = "<group>"; };
		5BDEF85D2A3450A300E63AF0 /* LoginViewModel.swift */ = {isa = PBXFileReference; lastKnownFileType = sourcecode.swift; path = LoginViewModel.swift; sourceTree = "<group>"; };
		5BDEF8602A34524F00E63AF0 /* LoginVC.swift */ = {isa = PBXFileReference; lastKnownFileType = sourcecode.swift; path = LoginVC.swift; sourceTree = "<group>"; };
		5BDEF8652A34550D00E63AF0 /* ProfileViewModel.swift */ = {isa = PBXFileReference; lastKnownFileType = sourcecode.swift; path = ProfileViewModel.swift; sourceTree = "<group>"; };
		7CEEDBDDCE8606B22DE7903D /* Pods-Parking.debug.xcconfig */ = {isa = PBXFileReference; includeInIndex = 1; lastKnownFileType = text.xcconfig; name = "Pods-Parking.debug.xcconfig"; path = "Target Support Files/Pods-Parking/Pods-Parking.debug.xcconfig"; sourceTree = "<group>"; };
		BE3129CBD7E81B15AF97EC8B /* Pods-Parking.release.xcconfig */ = {isa = PBXFileReference; includeInIndex = 1; lastKnownFileType = text.xcconfig; name = "Pods-Parking.release.xcconfig"; path = "Target Support Files/Pods-Parking/Pods-Parking.release.xcconfig"; sourceTree = "<group>"; };
		D08E82232B82554243EF65DA /* Pods_Parking.framework */ = {isa = PBXFileReference; explicitFileType = wrapper.framework; includeInIndex = 0; path = Pods_Parking.framework; sourceTree = BUILT_PRODUCTS_DIR; };
		DD6396592A2F6818006546E1 /* CustomTextField.swift */ = {isa = PBXFileReference; lastKnownFileType = sourcecode.swift; path = CustomTextField.swift; sourceTree = "<group>"; };
		DD63965B2A2F685A006546E1 /* BaseInputView.swift */ = {isa = PBXFileReference; lastKnownFileType = sourcecode.swift; path = BaseInputView.swift; sourceTree = "<group>"; };
		DD63965D2A2F6865006546E1 /* BaseUIView.swift */ = {isa = PBXFileReference; lastKnownFileType = sourcecode.swift; path = BaseUIView.swift; sourceTree = "<group>"; };
		DD63965F2A2F692A006546E1 /* ViewControllerAppearanceProtocol.swift */ = {isa = PBXFileReference; lastKnownFileType = sourcecode.swift; path = ViewControllerAppearanceProtocol.swift; sourceTree = "<group>"; };
		DD6396612A2F69A6006546E1 /* CustomButton.swift */ = {isa = PBXFileReference; lastKnownFileType = sourcecode.swift; path = CustomButton.swift; sourceTree = "<group>"; };
		DD6396632A2F6F42006546E1 /* CustomSecondaryButton.swift */ = {isa = PBXFileReference; lastKnownFileType = sourcecode.swift; path = CustomSecondaryButton.swift; sourceTree = "<group>"; };
		DD6396672A2F7312006546E1 /* LaunchScreen.storyboard */ = {isa = PBXFileReference; lastKnownFileType = file.storyboard; path = LaunchScreen.storyboard; sourceTree = "<group>"; };
		DDE3E6862A2DFD6B008F4FF8 /* Parking.app */ = {isa = PBXFileReference; explicitFileType = wrapper.application; includeInIndex = 0; path = Parking.app; sourceTree = BUILT_PRODUCTS_DIR; };
		DDE3E6892A2DFD6B008F4FF8 /* AppDelegate.swift */ = {isa = PBXFileReference; lastKnownFileType = sourcecode.swift; path = AppDelegate.swift; sourceTree = "<group>"; };
		DDE3E68B2A2DFD6B008F4FF8 /* SceneDelegate.swift */ = {isa = PBXFileReference; lastKnownFileType = sourcecode.swift; path = SceneDelegate.swift; sourceTree = "<group>"; };
		DDE3E6922A2DFD6D008F4FF8 /* Assets.xcassets */ = {isa = PBXFileReference; lastKnownFileType = folder.assetcatalog; path = Assets.xcassets; sourceTree = "<group>"; };
		DDE3E6972A2DFD6D008F4FF8 /* Info.plist */ = {isa = PBXFileReference; lastKnownFileType = text.plist.xml; path = Info.plist; sourceTree = "<group>"; };
		DDE3E69D2A2E012C008F4FF8 /* GoogleService-Info.plist */ = {isa = PBXFileReference; fileEncoding = 4; lastKnownFileType = text.plist.xml; path = "GoogleService-Info.plist"; sourceTree = "<group>"; };
/* End PBXFileReference section */

/* Begin PBXFrameworksBuildPhase section */
		DDE3E6832A2DFD6B008F4FF8 /* Frameworks */ = {
			isa = PBXFrameworksBuildPhase;
			buildActionMask = 2147483647;
			files = (
				38710EFF6D0BFAC5C9E27710 /* Pods_Parking.framework in Frameworks */,
			);
			runOnlyForDeploymentPostprocessing = 0;
		};
/* End PBXFrameworksBuildPhase section */

/* Begin PBXGroup section */
		3FE23142BCA4384212714034 /* Pods */ = {
			isa = PBXGroup;
			children = (
				7CEEDBDDCE8606B22DE7903D /* Pods-Parking.debug.xcconfig */,
				BE3129CBD7E81B15AF97EC8B /* Pods-Parking.release.xcconfig */,
			);
			path = Pods;
			sourceTree = "<group>";
		};
		449E99662A2F6B6A00762D98 /* Home */ = {
			isa = PBXGroup;
			children = (
				449E996C2A2F6BB100762D98 /* ViewModel */,
				449E99692A2F6B9300762D98 /* ViewController */,
			);
			path = Home;
			sourceTree = "<group>";
		};
		449E99672A2F6B7300762D98 /* History */ = {
			isa = PBXGroup;
			children = (
				449E996A2A2F6B9E00762D98 /* ViewController */,
			);
			path = History;
			sourceTree = "<group>";
		};
		449E99682A2F6B8000762D98 /* Profile */ = {
			isa = PBXGroup;
			children = (
				449E996B2A2F6BA500762D98 /* ViewController */,
			);
			path = Profile;
			sourceTree = "<group>";
		};
		449E99692A2F6B9300762D98 /* ViewController */ = {
			isa = PBXGroup;
			children = (
				449E99602A2F656E00762D98 /* HomeVC.swift */,
			);
			path = ViewController;
			sourceTree = "<group>";
		};
		449E996A2A2F6B9E00762D98 /* ViewController */ = {
			isa = PBXGroup;
			children = (
				449E99622A2F657B00762D98 /* ParkingHistoryVC.swift */,
			);
			path = ViewController;
			sourceTree = "<group>";
		};
		449E996B2A2F6BA500762D98 /* ViewController */ = {
			isa = PBXGroup;
			children = (
				449E99642A2F658C00762D98 /* ProfileVC.swift */,
				5BDEF8652A34550D00E63AF0 /* ProfileViewModel.swift */,
			);
			path = ViewController;
			sourceTree = "<group>";
		};
		449E996C2A2F6BB100762D98 /* ViewModel */ = {
			isa = PBXGroup;
			children = (
			);
			path = ViewModel;
			sourceTree = "<group>";
		};
		5BDEF1F62A30E49C007F8F4B /* CustomViews */ = {
			isa = PBXGroup;
			children = (
				DD6396612A2F69A6006546E1 /* CustomButton.swift */,
				DD6396632A2F6F42006546E1 /* CustomSecondaryButton.swift */,
				DD6396592A2F6818006546E1 /* CustomTextField.swift */,
				DD63965B2A2F685A006546E1 /* BaseInputView.swift */,
				DD63965D2A2F6865006546E1 /* BaseUIView.swift */,
			);
			path = CustomViews;
			sourceTree = "<group>";
		};
		5BDEF1F72A30E4A8007F8F4B /* Helpers */ = {
			isa = PBXGroup;
			children = (
				5BDEF1FA2A30EF5E007F8F4B /* DataManager.swift */,
				DD63965F2A2F692A006546E1 /* ViewControllerAppearanceProtocol.swift */,
			);
			path = Helpers;
			sourceTree = "<group>";
		};
		5BDEF85F2A34524F00E63AF0 /* Login */ = {
			isa = PBXGroup;
			children = (
				5BDEF85D2A3450A300E63AF0 /* LoginViewModel.swift */,
				5BDEF8602A34524F00E63AF0 /* LoginVC.swift */,
			);
			path = Login;
			sourceTree = "<group>";
		};
		5BDEF8632A34526A00E63AF0 /* Registration */ = {
			isa = PBXGroup;
			children = (
				5BDEF1F42A30E495007F8F4B /* RegistrationVC.swift */,
				5BDEF1F82A30EB62007F8F4B /* RegistrationViewModel.swift */,
			);
			path = Registration;
			sourceTree = "<group>";
		};
		9425981D7759D3F197442202 /* Frameworks */ = {
			isa = PBXGroup;
			children = (
				D08E82232B82554243EF65DA /* Pods_Parking.framework */,
			);
			name = Frameworks;
			sourceTree = "<group>";
		};
		DD6396582A2F67C7006546E1 /* Authorization */ = {
			isa = PBXGroup;
			children = (
				5BDEF85F2A34524F00E63AF0 /* Login */,
				5BDEF8632A34526A00E63AF0 /* Registration */,
				5BDEF1F62A30E49C007F8F4B /* CustomViews */,
				5BDEF1F72A30E4A8007F8F4B /* Helpers */,
			);
			path = Authorization;
			sourceTree = "<group>";
		};
		DD6396692A2F7395006546E1 /* Yerzhan */ = {
			isa = PBXGroup;
			children = (
				449E995E2A2F655700762D98 /* TabBarViewController.swift */,
				449E99662A2F6B6A00762D98 /* Home */,
				449E99672A2F6B7300762D98 /* History */,
			);
			path = Yerzhan;
			sourceTree = "<group>";
		};
		DDE3E67D2A2DFD6B008F4FF8 = {
			isa = PBXGroup;
			children = (
				DDE3E6882A2DFD6B008F4FF8 /* Parking */,
				DDE3E6872A2DFD6B008F4FF8 /* Products */,
				3FE23142BCA4384212714034 /* Pods */,
				9425981D7759D3F197442202 /* Frameworks */,
			);
			sourceTree = "<group>";
		};
		DDE3E6872A2DFD6B008F4FF8 /* Products */ = {
			isa = PBXGroup;
			children = (
				DDE3E6862A2DFD6B008F4FF8 /* Parking.app */,
			);
			name = Products;
			sourceTree = "<group>";
		};
		DDE3E6882A2DFD6B008F4FF8 /* Parking */ = {
			isa = PBXGroup;
			children = (
				DDE3E6892A2DFD6B008F4FF8 /* AppDelegate.swift */,
				DDE3E68B2A2DFD6B008F4FF8 /* SceneDelegate.swift */,
				DD6396582A2F67C7006546E1 /* Authorization */,
				449E99682A2F6B8000762D98 /* Profile */,
				DD6396692A2F7395006546E1 /* Yerzhan */,
				DDE3E6922A2DFD6D008F4FF8 /* Assets.xcassets */,
				DDE3E69D2A2E012C008F4FF8 /* GoogleService-Info.plist */,
				DDE3E6972A2DFD6D008F4FF8 /* Info.plist */,
				DD6396672A2F7312006546E1 /* LaunchScreen.storyboard */,
			);
			path = Parking;
			sourceTree = "<group>";
		};
/* End PBXGroup section */

/* Begin PBXNativeTarget section */
		DDE3E6852A2DFD6B008F4FF8 /* Parking */ = {
			isa = PBXNativeTarget;
			buildConfigurationList = DDE3E69A2A2DFD6D008F4FF8 /* Build configuration list for PBXNativeTarget "Parking" */;
			buildPhases = (
				BB01297B2928551368C96B37 /* [CP] Check Pods Manifest.lock */,
				DDE3E6822A2DFD6B008F4FF8 /* Sources */,
				DDE3E6832A2DFD6B008F4FF8 /* Frameworks */,
				DDE3E6842A2DFD6B008F4FF8 /* Resources */,
				B83A3D387EE8D53E66C5B131 /* [CP] Embed Pods Frameworks */,
				9366BC5D26498CE7174AC964 /* [CP] Copy Pods Resources */,
			);
			buildRules = (
			);
			dependencies = (
			);
			name = Parking;
			productName = Parking;
			productReference = DDE3E6862A2DFD6B008F4FF8 /* Parking.app */;
			productType = "com.apple.product-type.application";
		};
/* End PBXNativeTarget section */

/* Begin PBXProject section */
		DDE3E67E2A2DFD6B008F4FF8 /* Project object */ = {
			isa = PBXProject;
			attributes = {
				BuildIndependentTargetsInParallel = 1;
				LastSwiftUpdateCheck = 1420;
				LastUpgradeCheck = 1420;
				TargetAttributes = {
					DDE3E6852A2DFD6B008F4FF8 = {
						CreatedOnToolsVersion = 14.2;
					};
				};
			};
			buildConfigurationList = DDE3E6812A2DFD6B008F4FF8 /* Build configuration list for PBXProject "Parking" */;
			compatibilityVersion = "Xcode 14.0";
			developmentRegion = en;
			hasScannedForEncodings = 0;
			knownRegions = (
				en,
				Base,
			);
			mainGroup = DDE3E67D2A2DFD6B008F4FF8;
			productRefGroup = DDE3E6872A2DFD6B008F4FF8 /* Products */;
			projectDirPath = "";
			projectRoot = "";
			targets = (
				DDE3E6852A2DFD6B008F4FF8 /* Parking */,
			);
		};
/* End PBXProject section */

/* Begin PBXResourcesBuildPhase section */
		DDE3E6842A2DFD6B008F4FF8 /* Resources */ = {
			isa = PBXResourcesBuildPhase;
			buildActionMask = 2147483647;
			files = (
				DD6396682A2F7312006546E1 /* LaunchScreen.storyboard in Resources */,
				DDE3E6932A2DFD6D008F4FF8 /* Assets.xcassets in Resources */,
				DDE3E69E2A2E012D008F4FF8 /* GoogleService-Info.plist in Resources */,
			);
			runOnlyForDeploymentPostprocessing = 0;
		};
/* End PBXResourcesBuildPhase section */

/* Begin PBXShellScriptBuildPhase section */
		9366BC5D26498CE7174AC964 /* [CP] Copy Pods Resources */ = {
			isa = PBXShellScriptBuildPhase;
			buildActionMask = 2147483647;
			files = (
			);
			inputFileListPaths = (
				"${PODS_ROOT}/Target Support Files/Pods-Parking/Pods-Parking-resources-${CONFIGURATION}-input-files.xcfilelist",
			);
			name = "[CP] Copy Pods Resources";
			outputFileListPaths = (
				"${PODS_ROOT}/Target Support Files/Pods-Parking/Pods-Parking-resources-${CONFIGURATION}-output-files.xcfilelist",
			);
			runOnlyForDeploymentPostprocessing = 0;
			shellPath = /bin/sh;
			shellScript = "\"${PODS_ROOT}/Target Support Files/Pods-Parking/Pods-Parking-resources.sh\"\n";
			showEnvVarsInLog = 0;
		};
		B83A3D387EE8D53E66C5B131 /* [CP] Embed Pods Frameworks */ = {
			isa = PBXShellScriptBuildPhase;
			buildActionMask = 2147483647;
			files = (
			);
			inputFileListPaths = (
				"${PODS_ROOT}/Target Support Files/Pods-Parking/Pods-Parking-frameworks-${CONFIGURATION}-input-files.xcfilelist",
			);
			name = "[CP] Embed Pods Frameworks";
			outputFileListPaths = (
				"${PODS_ROOT}/Target Support Files/Pods-Parking/Pods-Parking-frameworks-${CONFIGURATION}-output-files.xcfilelist",
			);
			runOnlyForDeploymentPostprocessing = 0;
			shellPath = /bin/sh;
			shellScript = "\"${PODS_ROOT}/Target Support Files/Pods-Parking/Pods-Parking-frameworks.sh\"\n";
			showEnvVarsInLog = 0;
		};
		BB01297B2928551368C96B37 /* [CP] Check Pods Manifest.lock */ = {
			isa = PBXShellScriptBuildPhase;
			buildActionMask = 2147483647;
			files = (
			);
			inputFileListPaths = (
			);
			inputPaths = (
				"${PODS_PODFILE_DIR_PATH}/Podfile.lock",
				"${PODS_ROOT}/Manifest.lock",
			);
			name = "[CP] Check Pods Manifest.lock";
			outputFileListPaths = (
			);
			outputPaths = (
				"$(DERIVED_FILE_DIR)/Pods-Parking-checkManifestLockResult.txt",
			);
			runOnlyForDeploymentPostprocessing = 0;
			shellPath = /bin/sh;
			shellScript = "diff \"${PODS_PODFILE_DIR_PATH}/Podfile.lock\" \"${PODS_ROOT}/Manifest.lock\" > /dev/null\nif [ $? != 0 ] ; then\n    # print error to STDERR\n    echo \"error: The sandbox is not in sync with the Podfile.lock. Run 'pod install' or update your CocoaPods installation.\" >&2\n    exit 1\nfi\n# This output is used by Xcode 'outputs' to avoid re-running this script phase.\necho \"SUCCESS\" > \"${SCRIPT_OUTPUT_FILE_0}\"\n";
			showEnvVarsInLog = 0;
		};
/* End PBXShellScriptBuildPhase section */

/* Begin PBXSourcesBuildPhase section */
		DDE3E6822A2DFD6B008F4FF8 /* Sources */ = {
			isa = PBXSourcesBuildPhase;
			buildActionMask = 2147483647;
			files = (
				449E995F2A2F655700762D98 /* TabBarViewController.swift in Sources */,
				5BDEF1FB2A30EF5E007F8F4B /* DataManager.swift in Sources */,
				449E99612A2F656E00762D98 /* HomeVC.swift in Sources */,
				449E99652A2F658C00762D98 /* ProfileVC.swift in Sources */,
				5BDEF8642A3452D400E63AF0 /* LoginVC.swift in Sources */,
				449E99632A2F657B00762D98 /* ParkingHistoryVC.swift in Sources */,
				5BDEF1F52A30E495007F8F4B /* RegistrationVC.swift in Sources */,
				DD63965A2A2F6818006546E1 /* CustomTextField.swift in Sources */,
				DDE3E68A2A2DFD6B008F4FF8 /* AppDelegate.swift in Sources */,
				DD6396642A2F6F42006546E1 /* CustomSecondaryButton.swift in Sources */,
				5BDEF85E2A3450A300E63AF0 /* LoginViewModel.swift in Sources */,
				DDE3E68C2A2DFD6B008F4FF8 /* SceneDelegate.swift in Sources */,
				5BDEF8662A34550E00E63AF0 /* ProfileViewModel.swift in Sources */,
				5BDEF1F92A30EB62007F8F4B /* RegistrationViewModel.swift in Sources */,
				DD6396622A2F69A6006546E1 /* CustomButton.swift in Sources */,
				DD6396602A2F692A006546E1 /* ViewControllerAppearanceProtocol.swift in Sources */,
				DD63965C2A2F685B006546E1 /* BaseInputView.swift in Sources */,
				DD63965E2A2F6865006546E1 /* BaseUIView.swift in Sources */,
			);
			runOnlyForDeploymentPostprocessing = 0;
		};
/* End PBXSourcesBuildPhase section */

/* Begin XCBuildConfiguration section */
		DDE3E6982A2DFD6D008F4FF8 /* Debug */ = {
			isa = XCBuildConfiguration;
			buildSettings = {
				ALWAYS_SEARCH_USER_PATHS = NO;
				CLANG_ANALYZER_NONNULL = YES;
				CLANG_ANALYZER_NUMBER_OBJECT_CONVERSION = YES_AGGRESSIVE;
				CLANG_CXX_LANGUAGE_STANDARD = "gnu++20";
				CLANG_ENABLE_MODULES = YES;
				CLANG_ENABLE_OBJC_ARC = YES;
				CLANG_ENABLE_OBJC_WEAK = YES;
				CLANG_WARN_BLOCK_CAPTURE_AUTORELEASING = YES;
				CLANG_WARN_BOOL_CONVERSION = YES;
				CLANG_WARN_COMMA = YES;
				CLANG_WARN_CONSTANT_CONVERSION = YES;
				CLANG_WARN_DEPRECATED_OBJC_IMPLEMENTATIONS = YES;
				CLANG_WARN_DIRECT_OBJC_ISA_USAGE = YES_ERROR;
				CLANG_WARN_DOCUMENTATION_COMMENTS = YES;
				CLANG_WARN_EMPTY_BODY = YES;
				CLANG_WARN_ENUM_CONVERSION = YES;
				CLANG_WARN_INFINITE_RECURSION = YES;
				CLANG_WARN_INT_CONVERSION = YES;
				CLANG_WARN_NON_LITERAL_NULL_CONVERSION = YES;
				CLANG_WARN_OBJC_IMPLICIT_RETAIN_SELF = YES;
				CLANG_WARN_OBJC_LITERAL_CONVERSION = YES;
				CLANG_WARN_OBJC_ROOT_CLASS = YES_ERROR;
				CLANG_WARN_QUOTED_INCLUDE_IN_FRAMEWORK_HEADER = YES;
				CLANG_WARN_RANGE_LOOP_ANALYSIS = YES;
				CLANG_WARN_STRICT_PROTOTYPES = YES;
				CLANG_WARN_SUSPICIOUS_MOVE = YES;
				CLANG_WARN_UNGUARDED_AVAILABILITY = YES_AGGRESSIVE;
				CLANG_WARN_UNREACHABLE_CODE = YES;
				CLANG_WARN__DUPLICATE_METHOD_MATCH = YES;
				COPY_PHASE_STRIP = NO;
				DEBUG_INFORMATION_FORMAT = dwarf;
				ENABLE_STRICT_OBJC_MSGSEND = YES;
				ENABLE_TESTABILITY = YES;
				GCC_C_LANGUAGE_STANDARD = gnu11;
				GCC_DYNAMIC_NO_PIC = NO;
				GCC_NO_COMMON_BLOCKS = YES;
				GCC_OPTIMIZATION_LEVEL = 0;
				GCC_PREPROCESSOR_DEFINITIONS = (
					"DEBUG=1",
					"$(inherited)",
				);
				GCC_WARN_64_TO_32_BIT_CONVERSION = YES;
				GCC_WARN_ABOUT_RETURN_TYPE = YES_ERROR;
				GCC_WARN_UNDECLARED_SELECTOR = YES;
				GCC_WARN_UNINITIALIZED_AUTOS = YES_AGGRESSIVE;
				GCC_WARN_UNUSED_FUNCTION = YES;
				GCC_WARN_UNUSED_VARIABLE = YES;
				IPHONEOS_DEPLOYMENT_TARGET = 16.2;
				MTL_ENABLE_DEBUG_INFO = INCLUDE_SOURCE;
				MTL_FAST_MATH = YES;
				ONLY_ACTIVE_ARCH = YES;
				SDKROOT = iphoneos;
				SWIFT_ACTIVE_COMPILATION_CONDITIONS = DEBUG;
				SWIFT_OPTIMIZATION_LEVEL = "-Onone";
			};
			name = Debug;
		};
		DDE3E6992A2DFD6D008F4FF8 /* Release */ = {
			isa = XCBuildConfiguration;
			buildSettings = {
				ALWAYS_SEARCH_USER_PATHS = NO;
				CLANG_ANALYZER_NONNULL = YES;
				CLANG_ANALYZER_NUMBER_OBJECT_CONVERSION = YES_AGGRESSIVE;
				CLANG_CXX_LANGUAGE_STANDARD = "gnu++20";
				CLANG_ENABLE_MODULES = YES;
				CLANG_ENABLE_OBJC_ARC = YES;
				CLANG_ENABLE_OBJC_WEAK = YES;
				CLANG_WARN_BLOCK_CAPTURE_AUTORELEASING = YES;
				CLANG_WARN_BOOL_CONVERSION = YES;
				CLANG_WARN_COMMA = YES;
				CLANG_WARN_CONSTANT_CONVERSION = YES;
				CLANG_WARN_DEPRECATED_OBJC_IMPLEMENTATIONS = YES;
				CLANG_WARN_DIRECT_OBJC_ISA_USAGE = YES_ERROR;
				CLANG_WARN_DOCUMENTATION_COMMENTS = YES;
				CLANG_WARN_EMPTY_BODY = YES;
				CLANG_WARN_ENUM_CONVERSION = YES;
				CLANG_WARN_INFINITE_RECURSION = YES;
				CLANG_WARN_INT_CONVERSION = YES;
				CLANG_WARN_NON_LITERAL_NULL_CONVERSION = YES;
				CLANG_WARN_OBJC_IMPLICIT_RETAIN_SELF = YES;
				CLANG_WARN_OBJC_LITERAL_CONVERSION = YES;
				CLANG_WARN_OBJC_ROOT_CLASS = YES_ERROR;
				CLANG_WARN_QUOTED_INCLUDE_IN_FRAMEWORK_HEADER = YES;
				CLANG_WARN_RANGE_LOOP_ANALYSIS = YES;
				CLANG_WARN_STRICT_PROTOTYPES = YES;
				CLANG_WARN_SUSPICIOUS_MOVE = YES;
				CLANG_WARN_UNGUARDED_AVAILABILITY = YES_AGGRESSIVE;
				CLANG_WARN_UNREACHABLE_CODE = YES;
				CLANG_WARN__DUPLICATE_METHOD_MATCH = YES;
				COPY_PHASE_STRIP = NO;
				DEBUG_INFORMATION_FORMAT = "dwarf-with-dsym";
				ENABLE_NS_ASSERTIONS = NO;
				ENABLE_STRICT_OBJC_MSGSEND = YES;
				GCC_C_LANGUAGE_STANDARD = gnu11;
				GCC_NO_COMMON_BLOCKS = YES;
				GCC_WARN_64_TO_32_BIT_CONVERSION = YES;
				GCC_WARN_ABOUT_RETURN_TYPE = YES_ERROR;
				GCC_WARN_UNDECLARED_SELECTOR = YES;
				GCC_WARN_UNINITIALIZED_AUTOS = YES_AGGRESSIVE;
				GCC_WARN_UNUSED_FUNCTION = YES;
				GCC_WARN_UNUSED_VARIABLE = YES;
				IPHONEOS_DEPLOYMENT_TARGET = 16.2;
				MTL_ENABLE_DEBUG_INFO = NO;
				MTL_FAST_MATH = YES;
				SDKROOT = iphoneos;
				SWIFT_COMPILATION_MODE = wholemodule;
				SWIFT_OPTIMIZATION_LEVEL = "-O";
				VALIDATE_PRODUCT = YES;
			};
			name = Release;
		};
		DDE3E69B2A2DFD6D008F4FF8 /* Debug */ = {
			isa = XCBuildConfiguration;
			baseConfigurationReference = 7CEEDBDDCE8606B22DE7903D /* Pods-Parking.debug.xcconfig */;
			buildSettings = {
				ASSETCATALOG_COMPILER_APPICON_NAME = AppIcon;
				ASSETCATALOG_COMPILER_GLOBAL_ACCENT_COLOR_NAME = AccentColor;
				CODE_SIGN_STYLE = Automatic;
				CURRENT_PROJECT_VERSION = 1;
				DEVELOPMENT_TEAM = TBYPDZK6VS;
				GENERATE_INFOPLIST_FILE = YES;
				INFOPLIST_FILE = Parking/Info.plist;
				INFOPLIST_KEY_UIApplicationSupportsIndirectInputEvents = YES;
				INFOPLIST_KEY_UILaunchStoryboardName = LaunchScreen;
				INFOPLIST_KEY_UIMainStoryboardFile = "";
				INFOPLIST_KEY_UISupportedInterfaceOrientations_iPad = "UIInterfaceOrientationPortrait UIInterfaceOrientationPortraitUpsideDown UIInterfaceOrientationLandscapeLeft UIInterfaceOrientationLandscapeRight";
				INFOPLIST_KEY_UISupportedInterfaceOrientations_iPhone = "UIInterfaceOrientationPortrait UIInterfaceOrientationLandscapeLeft UIInterfaceOrientationLandscapeRight";
				IPHONEOS_DEPLOYMENT_TARGET = 14.0;
				LD_RUNPATH_SEARCH_PATHS = (
					"$(inherited)",
					"@executable_path/Frameworks",
				);
				MARKETING_VERSION = 1.0;
				PRODUCT_BUNDLE_IDENTIFIER = com.test.Parking;
				PRODUCT_NAME = "$(TARGET_NAME)";
				SWIFT_EMIT_LOC_STRINGS = YES;
				SWIFT_VERSION = 5.0;
				TARGETED_DEVICE_FAMILY = "1,2";
			};
			name = Debug;
		};
		DDE3E69C2A2DFD6D008F4FF8 /* Release */ = {
			isa = XCBuildConfiguration;
			baseConfigurationReference = BE3129CBD7E81B15AF97EC8B /* Pods-Parking.release.xcconfig */;
			buildSettings = {
				ASSETCATALOG_COMPILER_APPICON_NAME = AppIcon;
				ASSETCATALOG_COMPILER_GLOBAL_ACCENT_COLOR_NAME = AccentColor;
				CODE_SIGN_STYLE = Automatic;
				CURRENT_PROJECT_VERSION = 1;
				DEVELOPMENT_TEAM = TBYPDZK6VS;
				GENERATE_INFOPLIST_FILE = YES;
				INFOPLIST_FILE = Parking/Info.plist;
				INFOPLIST_KEY_UIApplicationSupportsIndirectInputEvents = YES;
				INFOPLIST_KEY_UILaunchStoryboardName = LaunchScreen;
				INFOPLIST_KEY_UIMainStoryboardFile = "";
				INFOPLIST_KEY_UISupportedInterfaceOrientations_iPad = "UIInterfaceOrientationPortrait UIInterfaceOrientationPortraitUpsideDown UIInterfaceOrientationLandscapeLeft UIInterfaceOrientationLandscapeRight";
				INFOPLIST_KEY_UISupportedInterfaceOrientations_iPhone = "UIInterfaceOrientationPortrait UIInterfaceOrientationLandscapeLeft UIInterfaceOrientationLandscapeRight";
				IPHONEOS_DEPLOYMENT_TARGET = 14.0;
				LD_RUNPATH_SEARCH_PATHS = (
					"$(inherited)",
					"@executable_path/Frameworks",
				);
				MARKETING_VERSION = 1.0;
				PRODUCT_BUNDLE_IDENTIFIER = com.test.Parking;
				PRODUCT_NAME = "$(TARGET_NAME)";
				SWIFT_EMIT_LOC_STRINGS = YES;
				SWIFT_VERSION = 5.0;
				TARGETED_DEVICE_FAMILY = "1,2";
			};
			name = Release;
		};
/* End XCBuildConfiguration section */

/* Begin XCConfigurationList section */
		DDE3E6812A2DFD6B008F4FF8 /* Build configuration list for PBXProject "Parking" */ = {
			isa = XCConfigurationList;
			buildConfigurations = (
				DDE3E6982A2DFD6D008F4FF8 /* Debug */,
				DDE3E6992A2DFD6D008F4FF8 /* Release */,
			);
			defaultConfigurationIsVisible = 0;
			defaultConfigurationName = Release;
		};
		DDE3E69A2A2DFD6D008F4FF8 /* Build configuration list for PBXNativeTarget "Parking" */ = {
			isa = XCConfigurationList;
			buildConfigurations = (
				DDE3E69B2A2DFD6D008F4FF8 /* Debug */,
				DDE3E69C2A2DFD6D008F4FF8 /* Release */,
			);
			defaultConfigurationIsVisible = 0;
			defaultConfigurationName = Release;
		};
/* End XCConfigurationList section */
	};
	rootObject = DDE3E67E2A2DFD6B008F4FF8 /* Project object */;
}
